
Microsoft Visual Studio Solution File, Format Version 12.00
# Visual Studio 2013
VisualStudioVersion = 12.0.30501.0
MinimumVisualStudioVersion = 10.0.40219.1
Project("{FAE04EC0-301F-11D3-BF4B-00C04F79EFBC}") = "Helpful.EventStore.EventLogging", "Helpful.EventStore.EventLogging.csproj", "{A73ABFDF-367C-49DD-80B3-509ABA1300CF}"
EndProject
Project("{CC5FD16D-436D-48AD-A40C-5A424C6E3E79}") = "Helpful.EventStore.EventLogging.Azure", "..\Helpful.EventStore.EventLogging.Azure\Helpful.EventStore.EventLogging.Azure.ccproj", "{F7C6E678-3F0A-4C01-8C37-6C3B9AAE687C}"
EndProject
Project("{FAE04EC0-301F-11D3-BF4B-00C04F79EFBC}") = "Helpful.EventStore.EventLogging.Service", "Helpful.EventStore.EventLogging.Service\Helpful.EventStore.EventLogging.Service.csproj", "{44E59969-82E9-43E6-A855-53331D95A608}"
EndProject
Global
	GlobalSection(SolutionConfigurationPlatforms) = preSolution
		Debug|Any CPU = Debug|Any CPU
		Release|Any CPU = Release|Any CPU
	EndGlobalSection
	GlobalSection(ProjectConfigurationPlatforms) = postSolution
		{A73ABFDF-367C-49DD-80B3-509ABA1300CF}.Debug|Any CPU.ActiveCfg = Debug|Any CPU
		{A73ABFDF-367C-49DD-80B3-509ABA1300CF}.Debug|Any CPU.Build.0 = Debug|Any CPU
		{A73ABFDF-367C-49DD-80B3-509ABA1300CF}.Release|Any CPU.ActiveCfg = Release|Any CPU
		{A73ABFDF-367C-49DD-80B3-509ABA1300CF}.Release|Any CPU.Build.0 = Release|Any CPU
		{F7C6E678-3F0A-4C01-8C37-6C3B9AAE687C}.Debug|Any CPU.ActiveCfg = Debug|Any CPU
		{F7C6E678-3F0A-4C01-8C37-6C3B9AAE687C}.Debug|Any CPU.Build.0 = Debug|Any CPU
		{F7C6E678-3F0A-4C01-8C37-6C3B9AAE687C}.Release|Any CPU.ActiveCfg = Release|Any CPU
		{F7C6E678-3F0A-4C01-8C37-6C3B9AAE687C}.Release|Any CPU.Build.0 = Release|Any CPU
		{44E59969-82E9-43E6-A855-53331D95A608}.Debug|Any CPU.ActiveCfg = Debug|Any CPU
		{44E59969-82E9-43E6-A855-53331D95A608}.Debug|Any CPU.Build.0 = Debug|Any CPU
		{44E59969-82E9-43E6-A855-53331D95A608}.Release|Any CPU.ActiveCfg = Release|Any CPU
		{44E59969-82E9-43E6-A855-53331D95A608}.Release|Any CPU.Build.0 = Release|Any CPU
	EndGlobalSection
	GlobalSection(SolutionProperties) = preSolution
		HideSolutionNode = FALSE
	EndGlobalSection
EndGlobal
